
Microsoft Visual Studio Solution File, Format Version 12.00
# Visual Studio Version 17
VisualStudioVersion = 17.6.33829.357
MinimumVisualStudioVersion = 10.0.40219.1
Project("{9A19103F-16F7-4668-BE54-9A1E7A4F7556}") = "Composition", "Composition\Composition.csproj", "{50FD12C1-358F-4C26-AA04-72AC6518E663}"
EndProject
Project("{9A19103F-16F7-4668-BE54-9A1E7A4F7556}") = "Composition2", "Composition2\Composition2.csproj", "{BDF5B7A7-D0B3-4586-9204-EF0D598363E7}"
EndProject
Project("{9A19103F-16F7-4668-BE54-9A1E7A4F7556}") = "Post", "Post\Post.csproj", "{AF29553B-079F-494F-88BC-48F2DE19A6ED}"
EndProject
Project("{9A19103F-16F7-4668-BE54-9A1E7A4F7556}") = "Market", "Market\Market.csproj", "{7B44E6D0-EC83-42DC-804A-221C83504EF6}"
EndProject
Project("{FAE04EC0-301F-11D3-BF4B-00C04F79EFBC}") = "Produtos", "Produtos\Produtos.csproj", "{EDEF3291-E7E9-48EA-95A8-42C8830081E5}"
EndProject
Global
	GlobalSection(SolutionConfigurationPlatforms) = preSolution
		Debug|Any CPU = Debug|Any CPU
		Release|Any CPU = Release|Any CPU
	EndGlobalSection
	GlobalSection(ProjectConfigurationPlatforms) = postSolution
		{50FD12C1-358F-4C26-AA04-72AC6518E663}.Debug|Any CPU.ActiveCfg = Debug|Any CPU
		{50FD12C1-358F-4C26-AA04-72AC6518E663}.Debug|Any CPU.Build.0 = Debug|Any CPU
		{50FD12C1-358F-4C26-AA04-72AC6518E663}.Release|Any CPU.ActiveCfg = Release|Any CPU
		{50FD12C1-358F-4C26-AA04-72AC6518E663}.Release|Any CPU.Build.0 = Release|Any CPU
		{BDF5B7A7-D0B3-4586-9204-EF0D598363E7}.Debug|Any CPU.ActiveCfg = Debug|Any CPU
		{BDF5B7A7-D0B3-4586-9204-EF0D598363E7}.Debug|Any CPU.Build.0 = Debug|Any CPU
		{BDF5B7A7-D0B3-4586-9204-EF0D598363E7}.Release|Any CPU.ActiveCfg = Release|Any CPU
		{BDF5B7A7-D0B3-4586-9204-EF0D598363E7}.Release|Any CPU.Build.0 = Release|Any CPU
		{AF29553B-079F-494F-88BC-48F2DE19A6ED}.Debug|Any CPU.ActiveCfg = Debug|Any CPU
		{AF29553B-079F-494F-88BC-48F2DE19A6ED}.Debug|Any CPU.Build.0 = Debug|Any CPU
		{AF29553B-079F-494F-88BC-48F2DE19A6ED}.Release|Any CPU.ActiveCfg = Release|Any CPU
		{AF29553B-079F-494F-88BC-48F2DE19A6ED}.Release|Any CPU.Build.0 = Release|Any CPU
		{7B44E6D0-EC83-42DC-804A-221C83504EF6}.Debug|Any CPU.ActiveCfg = Debug|Any CPU
		{7B44E6D0-EC83-42DC-804A-221C83504EF6}.Debug|Any CPU.Build.0 = Debug|Any CPU
		{7B44E6D0-EC83-42DC-804A-221C83504EF6}.Release|Any CPU.ActiveCfg = Release|Any CPU
		{7B44E6D0-EC83-42DC-804A-221C83504EF6}.Release|Any CPU.Build.0 = Release|Any CPU
		{EDEF3291-E7E9-48EA-95A8-42C8830081E5}.Debug|Any CPU.ActiveCfg = Debug|Any CPU
		{EDEF3291-E7E9-48EA-95A8-42C8830081E5}.Debug|Any CPU.Build.0 = Debug|Any CPU
		{EDEF3291-E7E9-48EA-95A8-42C8830081E5}.Release|Any CPU.ActiveCfg = Release|Any CPU
		{EDEF3291-E7E9-48EA-95A8-42C8830081E5}.Release|Any CPU.Build.0 = Release|Any CPU
	EndGlobalSection
	GlobalSection(SolutionProperties) = preSolution
		HideSolutionNode = FALSE
	EndGlobalSection
	GlobalSection(ExtensibilityGlobals) = postSolution
		SolutionGuid = {74CCCEFA-5BB9-44EE-9E61-8C3BD4091E60}
	EndGlobalSection
EndGlobal
