
Microsoft Visual Studio Solution File, Format Version 12.00
# Visual Studio Version 17
VisualStudioVersion = 17.6.33829.357
MinimumVisualStudioVersion = 10.0.40219.1
Project("{9A19103F-16F7-4668-BE54-9A1E7A4F7556}") = "Composition", "Composition\Composition.csproj", "{50FD12C1-358F-4C26-AA04-72AC6518E663}"
EndProject
Project("{9A19103F-16F7-4668-BE54-9A1E7A4F7556}") = "Composition2", "Composition2\Composition2.csproj", "{BDF5B7A7-D0B3-4586-9204-EF0D598363E7}"
EndProject
Project("{9A19103F-16F7-4668-BE54-9A1E7A4F7556}") = "Post", "Post\Post.csproj", "{AF29553B-079F-494F-88BC-48F2DE19A6ED}"
EndProject
Project("{9A19103F-16F7-4668-BE54-9A1E7A4F7556}") = "Market", "Market\Market.csproj", "{7B44E6D0-EC83-42DC-804A-221C83504EF6}"
EndProject
Project("{9A19103F-16F7-4668-BE54-9A1E7A4F7556}") = "Produtos", "Produtos\Produtos.csproj", "{EDEF3291-E7E9-48EA-95A8-42C8830081E5}"
EndProject
Project("{9A19103F-16F7-4668-BE54-9A1E7A4F7556}") = "GeometricFigures", "GeometricFigures\GeometricFigures.csproj", "{8D670B56-A952-42C4-929B-AFC24588D0F5}"
EndProject
Project("{9A19103F-16F7-4668-BE54-9A1E7A4F7556}") = "TaxPayers", "TaxPayers\TaxPayers.csproj", "{8C24EC45-F52E-4283-9DEA-730601587AAC}"
EndProject
Project("{9A19103F-16F7-4668-BE54-9A1E7A4F7556}") = "Bank", "Bank\Bank.csproj", "{C3CF59A7-F23D-4208-B0AC-CBC69CD8827D}"
EndProject
Project("{9A19103F-16F7-4668-BE54-9A1E7A4F7556}") = "xadrez-console", "xadrez-console\xadrez-console.csproj", "{BBB841FB-A065-4A06-9613-7DB8D0F388CD}"
EndProject
Project("{9A19103F-16F7-4668-BE54-9A1E7A4F7556}") = "Get_Hash_Code_Equals", "Get_Hash_Code_Equals\Get_Hash_Code_Equals.csproj", "{99E66F4E-B567-4C30-ACE6-4622E1FABBCC}"
EndProject
Project("{9A19103F-16F7-4668-BE54-9A1E7A4F7556}") = "HashSet_SortedSet", "HashSet_SortedSet\HashSet_SortedSet.csproj", "{CF443A8B-8F40-4AC6-A05D-042038FEBE46}"
EndProject
Project("{9A19103F-16F7-4668-BE54-9A1E7A4F7556}") = "Hash_Comparison", "Hash_Comparison\Hash_Comparison.csproj", "{FB51895B-4BD1-4B6E-BDF0-F5B25BF01D38}"
EndProject
Project("{9A19103F-16F7-4668-BE54-9A1E7A4F7556}") = "Set_Exercice", "Set_Exercice\Set_Exercice.csproj", "{ECF063F0-F0F9-416C-BE3C-A01D018CD975}"
EndProject
Project("{9A19103F-16F7-4668-BE54-9A1E7A4F7556}") = "Hash_Exercice_File_Log", "Hash_Exercice_File_Log\Hash_Exercice_File_Log.csproj", "{053F68C4-725F-4402-89BD-19B9CCC82535}"
EndProject
Project("{9A19103F-16F7-4668-BE54-9A1E7A4F7556}") = "Dictionary_SortedDictionary", "Dictionary_SortedDictionary\Dictionary_SortedDictionary.csproj", "{BC13FF56-A2B2-4633-9A9C-D966815B7420}"
EndProject
Project("{9A19103F-16F7-4668-BE54-9A1E7A4F7556}") = "Dictionary_Exercice", "Dictionary_Exercice\Dictionary_Exercice.csproj", "{44623A98-2904-413A-996B-29C5F0F6EE06}"
EndProject
Project("{9A19103F-16F7-4668-BE54-9A1E7A4F7556}") = "Extension_methods", "Extension_methods\Extension_methods.csproj", "{504FFFA1-3F5A-4833-BC39-86D7E3010C8A}"
EndProject
Project("{9A19103F-16F7-4668-BE54-9A1E7A4F7556}") = "IComparableTest", "IComparableTest\IComparableTest.csproj", "{2B202604-4E86-4DD5-9120-0AA9D42AD224}"
EndProject
Project("{9A19103F-16F7-4668-BE54-9A1E7A4F7556}") = "DelegatesTest", "DelegatesTest\DelegatesTest.csproj", "{0CFEFD0E-85BC-4607-BE68-72E6E91C756A}"
EndProject
Project("{9A19103F-16F7-4668-BE54-9A1E7A4F7556}") = "DelegatesExercice", "DelegatesExercice\DelegatesExercice.csproj", "{6DD2494D-57B5-4175-98DE-5FC8E5F8013A}"
EndProject
Project("{9A19103F-16F7-4668-BE54-9A1E7A4F7556}") = "ActionExample", "ActionExample\ActionExample.csproj", "{EBD9F871-95F9-408D-BDFF-6DDA9CA4591C}"
EndProject
Project("{9A19103F-16F7-4668-BE54-9A1E7A4F7556}") = "FuncExample", "FuncExample\FuncExample.csproj", "{7908783E-1A41-4DC7-B43B-1C991B77722B}"
EndProject
Project("{FAE04EC0-301F-11D3-BF4B-00C04F79EFBC}") = "LinqExample", "LinqExample\LinqExample.csproj", "{57B9A804-C5B4-4454-8FB5-252EDE961D9D}"
EndProject
Project("{FAE04EC0-301F-11D3-BF4B-00C04F79EFBC}") = "LinqLambdaExample1", "LinqLambdaExample1\LinqLambdaExample1.csproj", "{F4462581-8924-4D9D-9196-379DEAB69A1A}"
EndProject
Global
	GlobalSection(SolutionConfigurationPlatforms) = preSolution
		Debug|Any CPU = Debug|Any CPU
		Release|Any CPU = Release|Any CPU
	EndGlobalSection
	GlobalSection(ProjectConfigurationPlatforms) = postSolution
		{50FD12C1-358F-4C26-AA04-72AC6518E663}.Debug|Any CPU.ActiveCfg = Debug|Any CPU
		{50FD12C1-358F-4C26-AA04-72AC6518E663}.Debug|Any CPU.Build.0 = Debug|Any CPU
		{50FD12C1-358F-4C26-AA04-72AC6518E663}.Release|Any CPU.ActiveCfg = Release|Any CPU
		{50FD12C1-358F-4C26-AA04-72AC6518E663}.Release|Any CPU.Build.0 = Release|Any CPU
		{BDF5B7A7-D0B3-4586-9204-EF0D598363E7}.Debug|Any CPU.ActiveCfg = Debug|Any CPU
		{BDF5B7A7-D0B3-4586-9204-EF0D598363E7}.Debug|Any CPU.Build.0 = Debug|Any CPU
		{BDF5B7A7-D0B3-4586-9204-EF0D598363E7}.Release|Any CPU.ActiveCfg = Release|Any CPU
		{BDF5B7A7-D0B3-4586-9204-EF0D598363E7}.Release|Any CPU.Build.0 = Release|Any CPU
		{AF29553B-079F-494F-88BC-48F2DE19A6ED}.Debug|Any CPU.ActiveCfg = Debug|Any CPU
		{AF29553B-079F-494F-88BC-48F2DE19A6ED}.Debug|Any CPU.Build.0 = Debug|Any CPU
		{AF29553B-079F-494F-88BC-48F2DE19A6ED}.Release|Any CPU.ActiveCfg = Release|Any CPU
		{AF29553B-079F-494F-88BC-48F2DE19A6ED}.Release|Any CPU.Build.0 = Release|Any CPU
		{7B44E6D0-EC83-42DC-804A-221C83504EF6}.Debug|Any CPU.ActiveCfg = Debug|Any CPU
		{7B44E6D0-EC83-42DC-804A-221C83504EF6}.Debug|Any CPU.Build.0 = Debug|Any CPU
		{7B44E6D0-EC83-42DC-804A-221C83504EF6}.Release|Any CPU.ActiveCfg = Release|Any CPU
		{7B44E6D0-EC83-42DC-804A-221C83504EF6}.Release|Any CPU.Build.0 = Release|Any CPU
		{EDEF3291-E7E9-48EA-95A8-42C8830081E5}.Debug|Any CPU.ActiveCfg = Debug|Any CPU
		{EDEF3291-E7E9-48EA-95A8-42C8830081E5}.Debug|Any CPU.Build.0 = Debug|Any CPU
		{EDEF3291-E7E9-48EA-95A8-42C8830081E5}.Release|Any CPU.ActiveCfg = Release|Any CPU
		{EDEF3291-E7E9-48EA-95A8-42C8830081E5}.Release|Any CPU.Build.0 = Release|Any CPU
		{8D670B56-A952-42C4-929B-AFC24588D0F5}.Debug|Any CPU.ActiveCfg = Debug|Any CPU
		{8D670B56-A952-42C4-929B-AFC24588D0F5}.Debug|Any CPU.Build.0 = Debug|Any CPU
		{8D670B56-A952-42C4-929B-AFC24588D0F5}.Release|Any CPU.ActiveCfg = Release|Any CPU
		{8D670B56-A952-42C4-929B-AFC24588D0F5}.Release|Any CPU.Build.0 = Release|Any CPU
		{8C24EC45-F52E-4283-9DEA-730601587AAC}.Debug|Any CPU.ActiveCfg = Debug|Any CPU
		{8C24EC45-F52E-4283-9DEA-730601587AAC}.Debug|Any CPU.Build.0 = Debug|Any CPU
		{8C24EC45-F52E-4283-9DEA-730601587AAC}.Release|Any CPU.ActiveCfg = Release|Any CPU
		{8C24EC45-F52E-4283-9DEA-730601587AAC}.Release|Any CPU.Build.0 = Release|Any CPU
		{C3CF59A7-F23D-4208-B0AC-CBC69CD8827D}.Debug|Any CPU.ActiveCfg = Debug|Any CPU
		{C3CF59A7-F23D-4208-B0AC-CBC69CD8827D}.Debug|Any CPU.Build.0 = Debug|Any CPU
		{C3CF59A7-F23D-4208-B0AC-CBC69CD8827D}.Release|Any CPU.ActiveCfg = Release|Any CPU
		{C3CF59A7-F23D-4208-B0AC-CBC69CD8827D}.Release|Any CPU.Build.0 = Release|Any CPU
		{BBB841FB-A065-4A06-9613-7DB8D0F388CD}.Debug|Any CPU.ActiveCfg = Debug|Any CPU
		{BBB841FB-A065-4A06-9613-7DB8D0F388CD}.Debug|Any CPU.Build.0 = Debug|Any CPU
		{BBB841FB-A065-4A06-9613-7DB8D0F388CD}.Release|Any CPU.ActiveCfg = Release|Any CPU
		{BBB841FB-A065-4A06-9613-7DB8D0F388CD}.Release|Any CPU.Build.0 = Release|Any CPU
		{99E66F4E-B567-4C30-ACE6-4622E1FABBCC}.Debug|Any CPU.ActiveCfg = Debug|Any CPU
		{99E66F4E-B567-4C30-ACE6-4622E1FABBCC}.Debug|Any CPU.Build.0 = Debug|Any CPU
		{99E66F4E-B567-4C30-ACE6-4622E1FABBCC}.Release|Any CPU.ActiveCfg = Release|Any CPU
		{99E66F4E-B567-4C30-ACE6-4622E1FABBCC}.Release|Any CPU.Build.0 = Release|Any CPU
		{CF443A8B-8F40-4AC6-A05D-042038FEBE46}.Debug|Any CPU.ActiveCfg = Debug|Any CPU
		{CF443A8B-8F40-4AC6-A05D-042038FEBE46}.Debug|Any CPU.Build.0 = Debug|Any CPU
		{CF443A8B-8F40-4AC6-A05D-042038FEBE46}.Release|Any CPU.ActiveCfg = Release|Any CPU
		{CF443A8B-8F40-4AC6-A05D-042038FEBE46}.Release|Any CPU.Build.0 = Release|Any CPU
		{FB51895B-4BD1-4B6E-BDF0-F5B25BF01D38}.Debug|Any CPU.ActiveCfg = Debug|Any CPU
		{FB51895B-4BD1-4B6E-BDF0-F5B25BF01D38}.Debug|Any CPU.Build.0 = Debug|Any CPU
		{FB51895B-4BD1-4B6E-BDF0-F5B25BF01D38}.Release|Any CPU.ActiveCfg = Release|Any CPU
		{FB51895B-4BD1-4B6E-BDF0-F5B25BF01D38}.Release|Any CPU.Build.0 = Release|Any CPU
		{ECF063F0-F0F9-416C-BE3C-A01D018CD975}.Debug|Any CPU.ActiveCfg = Debug|Any CPU
		{ECF063F0-F0F9-416C-BE3C-A01D018CD975}.Debug|Any CPU.Build.0 = Debug|Any CPU
		{ECF063F0-F0F9-416C-BE3C-A01D018CD975}.Release|Any CPU.ActiveCfg = Release|Any CPU
		{ECF063F0-F0F9-416C-BE3C-A01D018CD975}.Release|Any CPU.Build.0 = Release|Any CPU
		{053F68C4-725F-4402-89BD-19B9CCC82535}.Debug|Any CPU.ActiveCfg = Debug|Any CPU
		{053F68C4-725F-4402-89BD-19B9CCC82535}.Debug|Any CPU.Build.0 = Debug|Any CPU
		{053F68C4-725F-4402-89BD-19B9CCC82535}.Release|Any CPU.ActiveCfg = Release|Any CPU
		{053F68C4-725F-4402-89BD-19B9CCC82535}.Release|Any CPU.Build.0 = Release|Any CPU
		{BC13FF56-A2B2-4633-9A9C-D966815B7420}.Debug|Any CPU.ActiveCfg = Debug|Any CPU
		{BC13FF56-A2B2-4633-9A9C-D966815B7420}.Debug|Any CPU.Build.0 = Debug|Any CPU
		{BC13FF56-A2B2-4633-9A9C-D966815B7420}.Release|Any CPU.ActiveCfg = Release|Any CPU
		{BC13FF56-A2B2-4633-9A9C-D966815B7420}.Release|Any CPU.Build.0 = Release|Any CPU
		{44623A98-2904-413A-996B-29C5F0F6EE06}.Debug|Any CPU.ActiveCfg = Debug|Any CPU
		{44623A98-2904-413A-996B-29C5F0F6EE06}.Debug|Any CPU.Build.0 = Debug|Any CPU
		{44623A98-2904-413A-996B-29C5F0F6EE06}.Release|Any CPU.ActiveCfg = Release|Any CPU
		{44623A98-2904-413A-996B-29C5F0F6EE06}.Release|Any CPU.Build.0 = Release|Any CPU
		{504FFFA1-3F5A-4833-BC39-86D7E3010C8A}.Debug|Any CPU.ActiveCfg = Debug|Any CPU
		{504FFFA1-3F5A-4833-BC39-86D7E3010C8A}.Debug|Any CPU.Build.0 = Debug|Any CPU
		{504FFFA1-3F5A-4833-BC39-86D7E3010C8A}.Release|Any CPU.ActiveCfg = Release|Any CPU
		{504FFFA1-3F5A-4833-BC39-86D7E3010C8A}.Release|Any CPU.Build.0 = Release|Any CPU
		{2B202604-4E86-4DD5-9120-0AA9D42AD224}.Debug|Any CPU.ActiveCfg = Debug|Any CPU
		{2B202604-4E86-4DD5-9120-0AA9D42AD224}.Debug|Any CPU.Build.0 = Debug|Any CPU
		{2B202604-4E86-4DD5-9120-0AA9D42AD224}.Release|Any CPU.ActiveCfg = Release|Any CPU
		{2B202604-4E86-4DD5-9120-0AA9D42AD224}.Release|Any CPU.Build.0 = Release|Any CPU
		{0CFEFD0E-85BC-4607-BE68-72E6E91C756A}.Debug|Any CPU.ActiveCfg = Debug|Any CPU
		{0CFEFD0E-85BC-4607-BE68-72E6E91C756A}.Debug|Any CPU.Build.0 = Debug|Any CPU
		{0CFEFD0E-85BC-4607-BE68-72E6E91C756A}.Release|Any CPU.ActiveCfg = Release|Any CPU
		{0CFEFD0E-85BC-4607-BE68-72E6E91C756A}.Release|Any CPU.Build.0 = Release|Any CPU
		{6DD2494D-57B5-4175-98DE-5FC8E5F8013A}.Debug|Any CPU.ActiveCfg = Debug|Any CPU
		{6DD2494D-57B5-4175-98DE-5FC8E5F8013A}.Debug|Any CPU.Build.0 = Debug|Any CPU
		{6DD2494D-57B5-4175-98DE-5FC8E5F8013A}.Release|Any CPU.ActiveCfg = Release|Any CPU
		{6DD2494D-57B5-4175-98DE-5FC8E5F8013A}.Release|Any CPU.Build.0 = Release|Any CPU
		{EBD9F871-95F9-408D-BDFF-6DDA9CA4591C}.Debug|Any CPU.ActiveCfg = Debug|Any CPU
		{EBD9F871-95F9-408D-BDFF-6DDA9CA4591C}.Debug|Any CPU.Build.0 = Debug|Any CPU
		{EBD9F871-95F9-408D-BDFF-6DDA9CA4591C}.Release|Any CPU.ActiveCfg = Release|Any CPU
		{EBD9F871-95F9-408D-BDFF-6DDA9CA4591C}.Release|Any CPU.Build.0 = Release|Any CPU
		{7908783E-1A41-4DC7-B43B-1C991B77722B}.Debug|Any CPU.ActiveCfg = Debug|Any CPU
		{7908783E-1A41-4DC7-B43B-1C991B77722B}.Debug|Any CPU.Build.0 = Debug|Any CPU
		{7908783E-1A41-4DC7-B43B-1C991B77722B}.Release|Any CPU.ActiveCfg = Release|Any CPU
		{7908783E-1A41-4DC7-B43B-1C991B77722B}.Release|Any CPU.Build.0 = Release|Any CPU
		{57B9A804-C5B4-4454-8FB5-252EDE961D9D}.Debug|Any CPU.ActiveCfg = Debug|Any CPU
		{57B9A804-C5B4-4454-8FB5-252EDE961D9D}.Debug|Any CPU.Build.0 = Debug|Any CPU
		{57B9A804-C5B4-4454-8FB5-252EDE961D9D}.Release|Any CPU.ActiveCfg = Release|Any CPU
		{57B9A804-C5B4-4454-8FB5-252EDE961D9D}.Release|Any CPU.Build.0 = Release|Any CPU
		{F4462581-8924-4D9D-9196-379DEAB69A1A}.Debug|Any CPU.ActiveCfg = Debug|Any CPU
		{F4462581-8924-4D9D-9196-379DEAB69A1A}.Debug|Any CPU.Build.0 = Debug|Any CPU
		{F4462581-8924-4D9D-9196-379DEAB69A1A}.Release|Any CPU.ActiveCfg = Release|Any CPU
		{F4462581-8924-4D9D-9196-379DEAB69A1A}.Release|Any CPU.Build.0 = Release|Any CPU
	EndGlobalSection
	GlobalSection(SolutionProperties) = preSolution
		HideSolutionNode = FALSE
	EndGlobalSection
	GlobalSection(ExtensibilityGlobals) = postSolution
		SolutionGuid = {74CCCEFA-5BB9-44EE-9E61-8C3BD4091E60}
	EndGlobalSection
EndGlobal
